
Microsoft Visual Studio Solution File, Format Version 12.00
# Visual Studio Version 17
VisualStudioVersion = 17.4.33213.308
MinimumVisualStudioVersion = 10.0.40219.1
Project("{9A19103F-16F7-4668-BE54-9A1E7A4F7556}") = "MatkakertomusGroupB.Server", "MatkakertomusGroupB\Server\MatkakertomusGroupB.Server.csproj", "{72730C00-F66E-426E-9C36-9B02C3426B7F}"
EndProject
Project("{9A19103F-16F7-4668-BE54-9A1E7A4F7556}") = "MatkakertomusGroupB.Client", "MatkakertomusGroupB\Client\MatkakertomusGroupB.Client.csproj", "{2686578E-DE1A-45D7-93E8-61C7FC990D3B}"
EndProject
Project("{9A19103F-16F7-4668-BE54-9A1E7A4F7556}") = "MatkakertomusGroupB.Shared", "MatkakertomusGroupB\Shared\MatkakertomusGroupB.Shared.csproj", "{E3923CD7-8DA1-457E-801F-64EB7C956AE6}"
EndProject
Project("{FAE04EC0-301F-11D3-BF4B-00C04F79EFBC}") = "MatkakertomusGroupB.Tests", "MatkakertomusGroupB.Tests\MatkakertomusGroupB.Tests.csproj", "{9D7E6DE7-1A96-41A8-A01E-854364038D3E}"
EndProject
Global
	GlobalSection(SolutionConfigurationPlatforms) = preSolution
		Debug|Any CPU = Debug|Any CPU
		Release|Any CPU = Release|Any CPU
	EndGlobalSection
	GlobalSection(ProjectConfigurationPlatforms) = postSolution
		{72730C00-F66E-426E-9C36-9B02C3426B7F}.Debug|Any CPU.ActiveCfg = Debug|Any CPU
		{72730C00-F66E-426E-9C36-9B02C3426B7F}.Debug|Any CPU.Build.0 = Debug|Any CPU
		{72730C00-F66E-426E-9C36-9B02C3426B7F}.Release|Any CPU.ActiveCfg = Release|Any CPU
		{72730C00-F66E-426E-9C36-9B02C3426B7F}.Release|Any CPU.Build.0 = Release|Any CPU
		{2686578E-DE1A-45D7-93E8-61C7FC990D3B}.Debug|Any CPU.ActiveCfg = Debug|Any CPU
		{2686578E-DE1A-45D7-93E8-61C7FC990D3B}.Debug|Any CPU.Build.0 = Debug|Any CPU
		{2686578E-DE1A-45D7-93E8-61C7FC990D3B}.Release|Any CPU.ActiveCfg = Release|Any CPU
		{2686578E-DE1A-45D7-93E8-61C7FC990D3B}.Release|Any CPU.Build.0 = Release|Any CPU
		{E3923CD7-8DA1-457E-801F-64EB7C956AE6}.Debug|Any CPU.ActiveCfg = Debug|Any CPU
		{E3923CD7-8DA1-457E-801F-64EB7C956AE6}.Debug|Any CPU.Build.0 = Debug|Any CPU
		{E3923CD7-8DA1-457E-801F-64EB7C956AE6}.Release|Any CPU.ActiveCfg = Release|Any CPU
		{E3923CD7-8DA1-457E-801F-64EB7C956AE6}.Release|Any CPU.Build.0 = Release|Any CPU
		{9D7E6DE7-1A96-41A8-A01E-854364038D3E}.Debug|Any CPU.ActiveCfg = Debug|Any CPU
		{9D7E6DE7-1A96-41A8-A01E-854364038D3E}.Debug|Any CPU.Build.0 = Debug|Any CPU
		{9D7E6DE7-1A96-41A8-A01E-854364038D3E}.Release|Any CPU.ActiveCfg = Release|Any CPU
		{9D7E6DE7-1A96-41A8-A01E-854364038D3E}.Release|Any CPU.Build.0 = Release|Any CPU
	EndGlobalSection
	GlobalSection(SolutionProperties) = preSolution
		HideSolutionNode = FALSE
	EndGlobalSection
	GlobalSection(ExtensibilityGlobals) = postSolution
		SolutionGuid = {D708A215-A183-4822-BEDA-7B326A513480}
	EndGlobalSection
EndGlobal
