
Microsoft Visual Studio Solution File, Format Version 12.00
# Visual Studio Version 17
VisualStudioVersion = 17.4.33213.308
MinimumVisualStudioVersion = 10.0.40219.1
Project("{9A19103F-16F7-4668-BE54-9A1E7A4F7556}") = "Matkakertomus-webapp-GroupB", "Matkakertomus-webapp-GroupB\Matkakertomus-webapp-GroupB.csproj", "{EC5616CD-4317-4851-8355-9FEA4C6C7CDC}"
EndProject
Project("{9A19103F-16F7-4668-BE54-9A1E7A4F7556}") = "backend", "backend\backend.csproj", "{3B905F52-E394-4653-B34D-CEE38F159F89}"
EndProject
Global
	GlobalSection(SolutionConfigurationPlatforms) = preSolution
		Debug|Any CPU = Debug|Any CPU
		Release|Any CPU = Release|Any CPU
	EndGlobalSection
	GlobalSection(ProjectConfigurationPlatforms) = postSolution
		{EC5616CD-4317-4851-8355-9FEA4C6C7CDC}.Debug|Any CPU.ActiveCfg = Debug|Any CPU
		{EC5616CD-4317-4851-8355-9FEA4C6C7CDC}.Debug|Any CPU.Build.0 = Debug|Any CPU
		{EC5616CD-4317-4851-8355-9FEA4C6C7CDC}.Release|Any CPU.ActiveCfg = Release|Any CPU
		{EC5616CD-4317-4851-8355-9FEA4C6C7CDC}.Release|Any CPU.Build.0 = Release|Any CPU
		{3B905F52-E394-4653-B34D-CEE38F159F89}.Debug|Any CPU.ActiveCfg = Debug|Any CPU
		{3B905F52-E394-4653-B34D-CEE38F159F89}.Debug|Any CPU.Build.0 = Debug|Any CPU
		{3B905F52-E394-4653-B34D-CEE38F159F89}.Release|Any CPU.ActiveCfg = Release|Any CPU
		{3B905F52-E394-4653-B34D-CEE38F159F89}.Release|Any CPU.Build.0 = Release|Any CPU
	EndGlobalSection
	GlobalSection(SolutionProperties) = preSolution
		HideSolutionNode = FALSE
	EndGlobalSection
	GlobalSection(ExtensibilityGlobals) = postSolution
		SolutionGuid = {98647E21-0543-40AB-88AF-515947884A0B}
	EndGlobalSection
EndGlobal
